
Microsoft Visual Studio Solution File, Format Version 12.00
# Visual Studio Version 16
VisualStudioVersion = 16.0.29424.173
MinimumVisualStudioVersion = 10.0.40219.1
Project("{FAE04EC0-301F-11D3-BF4B-00C04F79EFBC}") = "Klasy", "Dzień03\Klasy.csproj", "{10C0A7B0-325A-4721-8D5C-D2E8485094D8}"
EndProject
Project("{FAE04EC0-301F-11D3-BF4B-00C04F79EFBC}") = "Dziedziczenie", "Dziedziczenie\Dziedziczenie.csproj", "{5CA20457-41C0-426E-9184-909756A49A93}"
EndProject
Global
	GlobalSection(SolutionConfigurationPlatforms) = preSolution
		Debug|Any CPU = Debug|Any CPU
		Release|Any CPU = Release|Any CPU
	EndGlobalSection
	GlobalSection(ProjectConfigurationPlatforms) = postSolution
		{10C0A7B0-325A-4721-8D5C-D2E8485094D8}.Debug|Any CPU.ActiveCfg = Debug|Any CPU
		{10C0A7B0-325A-4721-8D5C-D2E8485094D8}.Debug|Any CPU.Build.0 = Debug|Any CPU
		{10C0A7B0-325A-4721-8D5C-D2E8485094D8}.Release|Any CPU.ActiveCfg = Release|Any CPU
		{10C0A7B0-325A-4721-8D5C-D2E8485094D8}.Release|Any CPU.Build.0 = Release|Any CPU
		{5CA20457-41C0-426E-9184-909756A49A93}.Debug|Any CPU.ActiveCfg = Debug|Any CPU
		{5CA20457-41C0-426E-9184-909756A49A93}.Debug|Any CPU.Build.0 = Debug|Any CPU
		{5CA20457-41C0-426E-9184-909756A49A93}.Release|Any CPU.ActiveCfg = Release|Any CPU
		{5CA20457-41C0-426E-9184-909756A49A93}.Release|Any CPU.Build.0 = Release|Any CPU
	EndGlobalSection
	GlobalSection(SolutionProperties) = preSolution
		HideSolutionNode = FALSE
	EndGlobalSection
	GlobalSection(ExtensibilityGlobals) = postSolution
		SolutionGuid = {BB84A93D-B83B-4FA2-901D-0E151751EFBD}
	EndGlobalSection
EndGlobal
